
Microsoft Visual Studio Solution File, Format Version 12.00
# Visual Studio Version 17
VisualStudioVersion = 17.3.32811.315
MinimumVisualStudioVersion = 10.0.40219.1
Project("{F184B08F-C81C-45F6-A57F-5ABD9991F28F}") = "Dope Wars 2077", "Dope Wars 2077\Dope Wars 2077.vbproj", "{383F41D8-ED2E-45C0-83D8-8D6D9F2ED440}"
EndProject
Global
	GlobalSection(SolutionConfigurationPlatforms) = preSolution
		Debug|Any CPU = Debug|Any CPU
		Release|Any CPU = Release|Any CPU
	EndGlobalSection
	GlobalSection(ProjectConfigurationPlatforms) = postSolution
		{383F41D8-ED2E-45C0-83D8-8D6D9F2ED440}.Debug|Any CPU.ActiveCfg = Debug|Any CPU
		{383F41D8-ED2E-45C0-83D8-8D6D9F2ED440}.Debug|Any CPU.Build.0 = Debug|Any CPU
		{383F41D8-ED2E-45C0-83D8-8D6D9F2ED440}.Release|Any CPU.ActiveCfg = Release|Any CPU
		{383F41D8-ED2E-45C0-83D8-8D6D9F2ED440}.Release|Any CPU.Build.0 = Release|Any CPU
	EndGlobalSection
	GlobalSection(SolutionProperties) = preSolution
		HideSolutionNode = FALSE
	EndGlobalSection
	GlobalSection(ExtensibilityGlobals) = postSolution
		SolutionGuid = {4A04FA3B-5CD6-42A9-9573-6C27E2C3614E}
	EndGlobalSection
EndGlobal
